
Microsoft Visual Studio Solution File, Format Version 11.00
# Visual Studio 2010
Project("{FAE04EC0-301F-11D3-BF4B-00C04F79EFBC}") = "人可音乐", "全网音乐\人可音乐.csproj", "{BF72BEE0-60FC-496F-BE49-67529AF87F08}"
EndProject
Global
	GlobalSection(SolutionConfigurationPlatforms) = preSolution
		Debug|Any CPU = Debug|Any CPU
		Release|Any CPU = Release|Any CPU
	EndGlobalSection
	GlobalSection(ProjectConfigurationPlatforms) = postSolution
		{BF72BEE0-60FC-496F-BE49-67529AF87F08}.Debug|Any CPU.ActiveCfg = Debug|Any CPU
		{BF72BEE0-60FC-496F-BE49-67529AF87F08}.Debug|Any CPU.Build.0 = Debug|Any CPU
		{BF72BEE0-60FC-496F-BE49-67529AF87F08}.Release|Any CPU.ActiveCfg = Release|Any CPU
		{BF72BEE0-60FC-496F-BE49-67529AF87F08}.Release|Any CPU.Build.0 = Release|Any CPU
	EndGlobalSection
	GlobalSection(SolutionProperties) = preSolution
		HideSolutionNode = FALSE
	EndGlobalSection
EndGlobal
